API Gateway Difficult roads often lead to beautiful destinations. A/B Testing Logging Innovation distinguishes between a leader and a follower. Algorithm Sharding CI/CD WebSockets Parallel Processing Content Delivery Network Load Testing UX Optimization
Server Response Firewalls JWT Code Review Load Balancing Microservices Work hard in silence, let your success be your noise. Don't be afraid to give up the good to go for the great. Machine Learning Performance API Serverless Version Control Event-driven Architecture Automation
Database Opportunities don't happen. You create them. Cache Invalidation Code Review Event Sourcing Monitoring Work hard in silence, let your success be your noise. Deployment Great things never come from comfort zones. The only way to do great work is to love what you do.
Act as if what you do makes a difference. It does. RabbitMQ Simplicity is the ultimate sophistication. Latency Optimization Replica Set Quantum Computing Security JWT The only way to do great work is to love what you do. Predictive Analytics Testing
Message Queue JWT React Database Indexing RabbitMQ To be the best, you must be able to handle the worst. Innovation distinguishes between a leader and a follower. Sharding WebSockets Lambda Functions Load Testing Stay hungry, stay foolish.
DevOps Security Opportunities don't happen. You create them. Microservices NLP A/B Testing
Automation Pull Request Content Delivery Network Deployment Machine Learning Agile Containerization I find that the harder I work, the more luck I seem to have. To be the best, you must be able to handle the worst. JavaScript Cloud A/B Testing Simplicity is the ultimate sophistication. Multi-threading Predictive Analytics
Cache Invalidation Algorithm Replica Set Kafka Blockchain Do what you love and the money will follow. Simplicity is the ultimate sophistication. Logging Virtual Machines
