API Gateway Difficult roads often lead to beautiful destinations. A/B Testing Logging Innovation distinguishes between a leader and a follower. Algorithm Sharding CI/CD WebSockets Parallel Processing Content Delivery Network Load Testing UX Optimization
Server Response Firewalls JWT Code Review Load Balancing Microservices Work hard in silence, let your success be your noise. Don't be afraid to give up the good to go for the great. Machine Learning Performance API Serverless Version Control Event-driven Architecture Automation
